{
  "name": "@leafac/javascript",
  "version": "0.5.3",
  "lockfileVersion": 3,
  "requires": true,
  "packages": {
    "": {
      "name": "@leafac/javascript",
      "version": "0.5.3",
      "funding": [
        "https://patreon.com/leafac",
        "https://paypal.me/LeandroFacchinettiEU",
        "https://github.com/sponsors/leafac",
        "https://btc.com/34KJBgtaFYMtDqpSgMayw9qiKWg2GQXA9M"
      ],
      "license": "MIT",
      "dependencies": {
        "tagged-template-noop": "^2.1.1"
      },
      "devDependencies": {
        "@types/node": "^18.11.18",
        "prettier": "^2.8.1",
        "typescript": "^4.9.4"
      }
    },
    "node_modules/@types/node": {
      "version": "18.11.18",
      "resolved": "https://registry.npmjs.org/@types/node/-/node-18.11.18.tgz",
      "integrity": "sha512-DHQpWGjyQKSHj3ebjFI/wRKcqQcdR+MoFBygntYOZytCqNfkd2ZC4ARDJ2DQqhjH5p85Nnd3jhUJIXrszFX/JA==",
      "dev": true
    },
    "node_modules/prettier": {
      "version": "2.8.1",
      "resolved": "https://registry.npmjs.org/prettier/-/prettier-2.8.1.tgz",
      "integrity": "sha512-lqGoSJBQNJidqCHE80vqZJHWHRFoNYsSpP9AjFhlhi9ODCJA541svILes/+/1GM3VaL/abZi7cpFzOpdR9UPKg==",
      "dev": true,
      "bin": {
        "prettier": "bin-prettier.js"
      },
      "engines": {
        "node": ">=10.13.0"
      },
      "funding": {
        "url": "https://github.com/prettier/prettier?sponsor=1"
      }
    },
    "node_modules/tagged-template-noop": {
      "version": "2.1.1",
      "resolved": "https://registry.npmjs.org/tagged-template-noop/-/tagged-template-noop-2.1.1.tgz",
      "integrity": "sha512-diZ004cBHKVueqSr5p+/EPZhofCBRW7w7zZL71FcK8x+209BbMw77ICrP9AWXpVjPyyyIqRYYFAM4Wjk2HNWQg==",
      "engines": {
        "node": ">=6"
      }
    },
    "node_modules/typescript": {
      "version": "4.9.4",
      "resolved": "https://registry.npmjs.org/typescript/-/typescript-4.9.4.tgz",
      "integrity": "sha512-Uz+dTXYzxXXbsFpM86Wh3dKCxrQqUcVMxwU54orwlJjOpO3ao8L7j5lH+dWfTwgCwIuM9GQ2kvVotzYJMXTBZg==",
      "dev": true,
      "bin": {
        "tsc": "bin/tsc",
        "tsserver": "bin/tsserver"
      },
      "engines": {
        "node": ">=4.2.0"
      }
    }
  }
}
